<?xml version="1.0" encoding="utf-8"?>
<Project ToolsVersion="4.0" xmlns="http://schemas.microsoft.com/developer/msbuild/2003">
  <ItemGroup>
    <ClCompile Include="gl_core_3_3.c" />
    <ClCompile Include="main.cpp" />
    <ClCompile Include="Mesh.cpp">
      <Filter>Rendering</Filter>
    </ClCompile>
    <ClCompile Include="Model.cpp">
      <Filter>Rendering</Filter>
    </ClCompile>
    <ClCompile Include="Program.cpp">
      <Filter>Rendering</Filter>
    </ClCompile>
    <ClCompile Include="Trackball.cpp" />
  </ItemGroup>
  <ItemGroup>
    <ClInclude Include="gl_core_3_3.h" />
    <ClInclude Include="Mesh.h">
      <Filter>Rendering</Filter>
    </ClInclude>
    <ClInclude Include="Model.h">
      <Filter>Rendering</Filter>
    </ClInclude>
    <ClInclude Include="Program.h">
      <Filter>Rendering</Filter>
    </ClInclude>
    <ClInclude Include="Rendering.h">
      <Filter>Rendering</Filter>
    </ClInclude>
    <ClInclude Include="Shader.h">
      <Filter>Rendering</Filter>
    </ClInclude>
    <ClInclude Include="Trackball.h" />
  </ItemGroup>
  <ItemGroup>
    <Filter Include="Rendering">
      <UniqueIdentifier>{48fb96ff-990f-4864-b639-1f4e0fbfe232}</UniqueIdentifier>
    </Filter>
  </ItemGroup>
</Project>